# This file was autogenerated by uv via the following command:
#    uv pip compile backend/requirements.txt -o backend/requirements.lock
altgraph==0.17.5
    # via
    #   macholib
    #   pyinstaller
annotated-doc==0.0.5
    # via fastapi
annotated-types==0.8.0
    # via pydantic
anyio==4.15.1
    # via
    #   httpx
    #   starlette
certifi==2026.7.22
    # via
    #   httpcore
    #   httpx
    #   requests
charset-normalizer==3.5.1
    # via requests
click==8.5.0
    # via
    #   huggingface-hub
    #   uvicorn
fastapi==0.141.1
    # via -r backend/requirements.txt
filelock==4.0.0
    # via
    #   huggingface-hub
    #   torch
fsspec==2026.7.0
    # via
    #   huggingface-hub
    #   torch
h11==0.16.0
    # via
    #   httpcore
    #   uvicorn
hf-xet==1.6.0
    # via huggingface-hub
httpcore==1.0.9
    # via httpx
httpx==0.28.1
    # via
    #   -r backend/requirements.txt
    #   huggingface-hub
huggingface-hub==1.32.0
    # via mlx-whisper
idna==3.19
    # via
    #   anyio
    #   httpx
    #   requests
imageio-ffmpeg==0.6.0
    # via -r backend/requirements.txt
iniconfig==2.3.0
    # via pytest
jinja2==3.1.6
    # via torch
llvmlite==0.49.0
    # via numba
macholib==1.16.4
    # via pyinstaller
markupsafe==3.0.3
    # via jinja2
mlx==0.32.2
    # via mlx-whisper
mlx-metal==0.32.2
    # via mlx
mlx-whisper==0.4.3
    # via -r backend/requirements.txt
more-itertools==11.1.0
    # via mlx-whisper
mpmath==1.3.0
    # via sympy
networkx==3.6.1
    # via torch
numba==0.67.0
    # via mlx-whisper
numpy==2.4.6
    # via
    #   mlx-whisper
    #   numba
    #   scipy
packaging==26.3
    # via
    #   huggingface-hub
    #   pyinstaller
    #   pyinstaller-hooks-contrib
    #   pytest
pluggy==1.6.0
    # via pytest
pydantic==2.13.5
    # via fastapi
pydantic-core==2.46.5
    # via pydantic
pygments==2.21.0
    # via pytest
pyinstaller==6.22.3
    # via -r backend/requirements.txt
pyinstaller-hooks-contrib==2026.7
    # via pyinstaller
pytest==9.1.1
    # via -r backend/requirements.txt
python-multipart==0.0.32
    # via -r backend/requirements.txt
pyyaml==6.0.3
    # via huggingface-hub
regex==2026.9.10
    # via tiktoken
requests==2.34.2
    # via tiktoken
scipy==1.17.1
    # via mlx-whisper
setuptools==82.0.0
    # via
    #   pyinstaller
    #   torch
starlette==1.6.0
    # via fastapi
sympy==1.14.0
    # via torch
tiktoken==0.14.0
    # via mlx-whisper
torch==2.14.0
    # via mlx-whisper
tqdm==4.70.1
    # via
    #   huggingface-hub
    #   mlx-whisper
typing-extensions==4.16.0
    # via
    #   anyio
    #   fastapi
    #   huggingface-hub
    #   pydantic
    #   pydantic-core
    #   starlette
    #   torch
    #   typing-inspection
typing-inspection==0.4.4
    # via
    #   fastapi
    #   pydantic
urllib3==2.8.0
    # via requests
uvicorn==0.53.0
    # via -r backend/requirements.txt
